
Microsoft Visual Studio Solution File, Format Version 12.00
# Visual Studio Version 17
VisualStudioVersion = 17.6.33815.320
MinimumVisualStudioVersion = 10.0.40219.1
Project("{9A19103F-16F7-4668-BE54-9A1E7A4F7556}") = "Stage0", "Stage0\Stage0.csproj", "{B5C27D8A-2294-4C2D-8649-3E8DBBD6AE4D}"
EndProject
Project("{2150E333-8FDC-42A3-9474-1A3956D46DE8}") = "Solution Items", "Solution Items", "{A7FBA819-97F3-4EE6-B0D3-57F5E4B3E1E7}"
	ProjectSection(SolutionItems) = preProject
		README.md = README.md
	EndProjectSection
EndProject
Project("{FAE04EC0-301F-11D3-BF4B-00C04F79EFBC}") = "DalFacade", "DalFacade\DalFacade.csproj", "{8AE42007-429C-4A07-A68B-B1D496600B4A}"
EndProject
Project("{FAE04EC0-301F-11D3-BF4B-00C04F79EFBC}") = "DalList", "DalList\DalList.csproj", "{5C868958-D9BB-4B48-AEA9-F0E9D2E59116}"
EndProject
Project("{FAE04EC0-301F-11D3-BF4B-00C04F79EFBC}") = "DalTest", "DalTest\DalTest.csproj", "{AF6C1330-9F29-4DC9-98C6-8AA01AEE262E}"
EndProject
Global
	GlobalSection(SolutionConfigurationPlatforms) = preSolution
		Debug|Any CPU = Debug|Any CPU
		Release|Any CPU = Release|Any CPU
	EndGlobalSection
	GlobalSection(ProjectConfigurationPlatforms) = postSolution
		{B5C27D8A-2294-4C2D-8649-3E8DBBD6AE4D}.Debug|Any CPU.ActiveCfg = Debug|Any CPU
		{B5C27D8A-2294-4C2D-8649-3E8DBBD6AE4D}.Debug|Any CPU.Build.0 = Debug|Any CPU
		{B5C27D8A-2294-4C2D-8649-3E8DBBD6AE4D}.Release|Any CPU.ActiveCfg = Release|Any CPU
		{B5C27D8A-2294-4C2D-8649-3E8DBBD6AE4D}.Release|Any CPU.Build.0 = Release|Any CPU
		{8AE42007-429C-4A07-A68B-B1D496600B4A}.Debug|Any CPU.ActiveCfg = Debug|Any CPU
		{8AE42007-429C-4A07-A68B-B1D496600B4A}.Debug|Any CPU.Build.0 = Debug|Any CPU
		{8AE42007-429C-4A07-A68B-B1D496600B4A}.Release|Any CPU.ActiveCfg = Release|Any CPU
		{8AE42007-429C-4A07-A68B-B1D496600B4A}.Release|Any CPU.Build.0 = Release|Any CPU
		{5C868958-D9BB-4B48-AEA9-F0E9D2E59116}.Debug|Any CPU.ActiveCfg = Debug|Any CPU
		{5C868958-D9BB-4B48-AEA9-F0E9D2E59116}.Debug|Any CPU.Build.0 = Debug|Any CPU
		{5C868958-D9BB-4B48-AEA9-F0E9D2E59116}.Release|Any CPU.ActiveCfg = Release|Any CPU
		{5C868958-D9BB-4B48-AEA9-F0E9D2E59116}.Release|Any CPU.Build.0 = Release|Any CPU
		{AF6C1330-9F29-4DC9-98C6-8AA01AEE262E}.Debug|Any CPU.ActiveCfg = Debug|Any CPU
		{AF6C1330-9F29-4DC9-98C6-8AA01AEE262E}.Debug|Any CPU.Build.0 = Debug|Any CPU
		{AF6C1330-9F29-4DC9-98C6-8AA01AEE262E}.Release|Any CPU.ActiveCfg = Release|Any CPU
		{AF6C1330-9F29-4DC9-98C6-8AA01AEE262E}.Release|Any CPU.Build.0 = Release|Any CPU
	EndGlobalSection
	GlobalSection(SolutionProperties) = preSolution
		HideSolutionNode = FALSE
	EndGlobalSection
	GlobalSection(ExtensibilityGlobals) = postSolution
		SolutionGuid = {B8699798-5A03-4F0D-822D-10EF843EDD47}
	EndGlobalSection
EndGlobal
