
Microsoft Visual Studio Solution File, Format Version 12.00
# Visual Studio Version 17
VisualStudioVersion = 17.6.33815.320
MinimumVisualStudioVersion = 10.0.40219.1
Project("{9A19103F-16F7-4668-BE54-9A1E7A4F7556}") = "Stage0", "Stage0\Stage0.csproj", "{B5C27D8A-2294-4C2D-8649-3E8DBBD6AE4D}"
EndProject
Project("{2150E333-8FDC-42A3-9474-1A3956D46DE8}") = "Solution Items", "Solution Items", "{C44C24AD-095B-4DEC-9881-2ABE31F46A21}"
	ProjectSection(SolutionItems) = preProject
		README.md = README.md
	EndProjectSection
EndProject
Global
	GlobalSection(SolutionConfigurationPlatforms) = preSolution
		Debug|Any CPU = Debug|Any CPU
		Release|Any CPU = Release|Any CPU
	EndGlobalSection
	GlobalSection(ProjectConfigurationPlatforms) = postSolution
		{B5C27D8A-2294-4C2D-8649-3E8DBBD6AE4D}.Debug|Any CPU.ActiveCfg = Debug|Any CPU
		{B5C27D8A-2294-4C2D-8649-3E8DBBD6AE4D}.Debug|Any CPU.Build.0 = Debug|Any CPU
		{B5C27D8A-2294-4C2D-8649-3E8DBBD6AE4D}.Release|Any CPU.ActiveCfg = Release|Any CPU
		{B5C27D8A-2294-4C2D-8649-3E8DBBD6AE4D}.Release|Any CPU.Build.0 = Release|Any CPU
	EndGlobalSection
	GlobalSection(SolutionProperties) = preSolution
		HideSolutionNode = FALSE
	EndGlobalSection
	GlobalSection(ExtensibilityGlobals) = postSolution
		SolutionGuid = {B8699798-5A03-4F0D-822D-10EF843EDD47}
	EndGlobalSection
EndGlobal
